
Microsoft Visual Studio Solution File, Format Version 12.00
# Visual Studio 2012
Project("{FAE04EC0-301F-11D3-BF4B-00C04F79EFBC}") = "WI2", "WI2\WI2.csproj", "{F4CF5258-6B5E-4157-B7F2-CA44FCCF3471}"
EndProject
Global
	GlobalSection(SolutionConfigurationPlatforms) = preSolution
		Debug|Any CPU = Debug|Any CPU
		Release|Any CPU = Release|Any CPU
	EndGlobalSection
	GlobalSection(ProjectConfigurationPlatforms) = postSolution
		{F4CF5258-6B5E-4157-B7F2-CA44FCCF3471}.Debug|Any CPU.ActiveCfg = Debug|Any CPU
		{F4CF5258-6B5E-4157-B7F2-CA44FCCF3471}.Debug|Any CPU.Build.0 = Debug|Any CPU
		{F4CF5258-6B5E-4157-B7F2-CA44FCCF3471}.Release|Any CPU.ActiveCfg = Release|Any CPU
		{F4CF5258-6B5E-4157-B7F2-CA44FCCF3471}.Release|Any CPU.Build.0 = Release|Any CPU
	EndGlobalSection
	GlobalSection(SolutionProperties) = preSolution
		HideSolutionNode = FALSE
	EndGlobalSection
EndGlobal
